Microsoft Visual Studio Solution File, Format Version 12.00
# Visual Studio Version 17
VisualStudioVersion = 17.5.2.0
MinimumVisualStudioVersion = 10.0.40219.1
Project("{FAE04EC0-301F-11D3-BF4B-00C04F79EFBC}") = "bingbong", "bingbong.csproj", "{3ADCF8FE-2B5C-C98A-1692-C8BA14D04750}"
EndProject
Global
	GlobalSection(SolutionConfigurationPlatforms) = preSolution
		Debug|Any CPU = Debug|Any CPU
		Release|Any CPU = Release|Any CPU
	EndGlobalSection
	GlobalSection(ProjectConfigurationPlatforms) = postSolution
		{3ADCF8FE-2B5C-C98A-1692-C8BA14D04750}.Debug|Any CPU.ActiveCfg = Debug|Any CPU
		{3ADCF8FE-2B5C-C98A-1692-C8BA14D04750}.Debug|Any CPU.Build.0 = Debug|Any CPU
		{3ADCF8FE-2B5C-C98A-1692-C8BA14D04750}.Release|Any CPU.ActiveCfg = Release|Any CPU
		{3ADCF8FE-2B5C-C98A-1692-C8BA14D04750}.Release|Any CPU.Build.0 = Release|Any CPU
	EndGlobalSection
	GlobalSection(SolutionProperties) = preSolution
		HideSolutionNode = FALSE
	EndGlobalSection
	GlobalSection(ExtensibilityGlobals) = postSolution
		SolutionGuid = {F9E3C588-6BD5-4275-874C-224879B10B77}
	EndGlobalSection
EndGlobal
